
Microsoft Visual Studio Solution File, Format Version 12.00
# Visual Studio Version 17
VisualStudioVersion = 17.0.31912.275
MinimumVisualStudioVersion = 10.0.40219.1
Project("{FAE04EC0-301F-11D3-BF4B-00C04F79EFBC}") = "AccountantManager", "AccountantManager.csproj", "{38437055-C765-446C-8CC9-C9CF8283B803}"
EndProject
Global
	GlobalSection(SolutionConfigurationPlatforms) = preSolution
		Debug|Any CPU = Debug|Any CPU
		Release|Any CPU = Release|Any CPU
	EndGlobalSection
	GlobalSection(ProjectConfigurationPlatforms) = postSolution
		{38437055-C765-446C-8CC9-C9CF8283B803}.Debug|Any CPU.ActiveCfg = Debug|Any CPU
		{38437055-C765-446C-8CC9-C9CF8283B803}.Debug|Any CPU.Build.0 = Debug|Any CPU
		{38437055-C765-446C-8CC9-C9CF8283B803}.Release|Any CPU.ActiveCfg = Release|Any CPU
		{38437055-C765-446C-8CC9-C9CF8283B803}.Release|Any CPU.Build.0 = Release|Any CPU
	EndGlobalSection
	GlobalSection(SolutionProperties) = preSolution
		HideSolutionNode = FALSE
	EndGlobalSection
	GlobalSection(ExtensibilityGlobals) = postSolution
		SolutionGuid = {47337091-BA5F-417E-8CD2-6B9DB1837E3E}
	EndGlobalSection
EndGlobal
